
Microsoft Visual Studio Solution File, Format Version 12.00
# Visual Studio 2017
Project("{FAE04EC0-301F-11D3-BF4B-00C04F79EFBC}") = "Seminario", "Seminario.csproj", "{47CD9B01-BD62-EBED-8D63-29902D4B48CF}"
EndProject
Project("{FAE04EC0-301F-11D3-BF4B-00C04F79EFBC}") = "Seminario.Editor", "Seminario.Editor.csproj", "{95D134A5-D412-B8A8-8E30-9DFA9A048F85}"
EndProject
Global
	GlobalSection(SolutionConfigurationPlatforms) = preSolution
		Debug|Any CPU = Debug|Any CPU
		Release|Any CPU = Release|Any CPU
	EndGlobalSection
	GlobalSection(ProjectConfigurationPlatforms) = postSolution
		{47CD9B01-BD62-EBED-8D63-29902D4B48CF}.Debug|Any CPU.ActiveCfg = Debug|Any CPU
		{47CD9B01-BD62-EBED-8D63-29902D4B48CF}.Debug|Any CPU.Build.0 = Debug|Any CPU
		{47CD9B01-BD62-EBED-8D63-29902D4B48CF}.Release|Any CPU.ActiveCfg = Release|Any CPU
		{47CD9B01-BD62-EBED-8D63-29902D4B48CF}.Release|Any CPU.Build.0 = Release|Any CPU
		{95D134A5-D412-B8A8-8E30-9DFA9A048F85}.Debug|Any CPU.ActiveCfg = Debug|Any CPU
		{95D134A5-D412-B8A8-8E30-9DFA9A048F85}.Debug|Any CPU.Build.0 = Debug|Any CPU
		{95D134A5-D412-B8A8-8E30-9DFA9A048F85}.Release|Any CPU.ActiveCfg = Release|Any CPU
		{95D134A5-D412-B8A8-8E30-9DFA9A048F85}.Release|Any CPU.Build.0 = Release|Any CPU
	EndGlobalSection
	GlobalSection(SolutionProperties) = preSolution
		HideSolutionNode = FALSE
	EndGlobalSection
EndGlobal
